// !$*UTF8*$!
{
	archiveVersion = 1;
	classes = {
	};
	objectVersion = 77;
	objects = {

/* Begin PBXBuildFile section */
		B1BD07232E9BE2330018737D /* SDWebImage in Frameworks */ = {isa = PBXBuildFile; productRef = B1BD07222E9BE2330018737D /* SDWebImage */; };
/* End PBXBuildFile section */

/* Begin PBXContainerItemProxy section */
		B1BD06412E95421A0018737D /* PBXContainerItemProxy */ = {
			isa = PBXContainerItemProxy;
			containerPortal = B1BD06222E9542190018737D /* Project object */;
			proxyType = 1;
			remoteGlobalIDString = B1BD06292E9542190018737D;
			remoteInfo = WorldSide;
		};
		B1BD064B2E95421A0018737D /* PBXContainerItemProxy */ = {
			isa = PBXContainerItemProxy;
			containerPortal = B1BD06222E9542190018737D /* Project object */;
			proxyType = 1;
			remoteGlobalIDString = B1BD06292E9542190018737D;
			remoteInfo = WorldSide;
		};
/* End PBXContainerItemProxy section */

/* Begin PBXFileReference section */
		B1BD062A2E9542190018737D /* WorldSide.app */ = {isa = PBXFileReference; explicitFileType = wrapper.application; includeInIndex = 0; path = WorldSide.app; sourceTree = BUILT_PRODUCTS_DIR; };
		B1BD06402E95421A0018737D /* WorldSideTests.xctest */ = {isa = PBXFileReference; explicitFileType = wrapper.cfbundle; includeInIndex = 0; path = WorldSideTests.xctest; sourceTree = BUILT_PRODUCTS_DIR; };
		B1BD064A2E95421A0018737D /* WorldSideUITests.xctest */ = {isa = PBXFileReference; explicitFileType = wrapper.cfbundle; includeInIndex = 0; path = WorldSideUITests.xctest; sourceTree = BUILT_PRODUCTS_DIR; };
/* End PBXFileReference section */

/* Begin PBXFileSystemSynchronizedBuildFileExceptionSet section */
		B1A818F52EAA5AED0044F3BD /* Exceptions for "WorldSideUITests" folder in "WorldSideUITests" target */ = {
			isa = PBXFileSystemSynchronizedBuildFileExceptionSet;
			membershipExceptions = (
				WorldSideSearchViewUITest.swift,
			);
			target = B1BD06492E95421A0018737D /* WorldSideUITests */;
		};
		B1A818F62EAA6DCC0044F3BD /* Exceptions for "WorldSideUITests" folder in "WorldSideTests" target */ = {
			isa = PBXFileSystemSynchronizedBuildFileExceptionSet;
			membershipExceptions = (
				WorldSideSearchViewUITest.swift,
			);
			target = B1BD063F2E95421A0018737D /* WorldSideTests */;
		};
		B1BD06522E95421A0018737D /* Exceptions for "WorldSide" folder in "WorldSide" target */ = {
			isa = PBXFileSystemSynchronizedBuildFileExceptionSet;
			membershipExceptions = (
				Info.plist,
			);
			target = B1BD06292E9542190018737D /* WorldSide */;
		};
/* End PBXFileSystemSynchronizedBuildFileExceptionSet section */

/* Begin PBXFileSystemSynchronizedRootGroup section */
		B1A818EF2EAA5ABA0044F3BD /* WorldSideUITests */ = {
			isa = PBXFileSystemSynchronizedRootGroup;
			exceptions = (
				B1A818F62EAA6DCC0044F3BD /* Exceptions for "WorldSideUITests" folder in "WorldSideTests" target */,
				B1A818F52EAA5AED0044F3BD /* Exceptions for "WorldSideUITests" folder in "WorldSideUITests" target */,
			);
			path = WorldSideUITests;
			sourceTree = "<group>";
		};
		B1BD062C2E9542190018737D /* WorldSide */ = {
			isa = PBXFileSystemSynchronizedRootGroup;
			exceptions = (
				B1BD06522E95421A0018737D /* Exceptions for "WorldSide" folder in "WorldSide" target */,
			);
			path = WorldSide;
			sourceTree = "<group>";
		};
		B1BD06432E95421A0018737D /* WorldSideTests */ = {
			isa = PBXFileSystemSynchronizedRootGroup;
			path = WorldSideTests;
			sourceTree = "<group>";
		};
/* End PBXFileSystemSynchronizedRootGroup section */

/* Begin PBXFrameworksBuildPhase section */
		B1BD06272E9542190018737D /* Frameworks */ = {
			isa = PBXFrameworksBuildPhase;
			buildActionMask = 2147483647;
			files = (
				B1BD07232E9BE2330018737D /* SDWebImage in Frameworks */,
			);
			runOnlyForDeploymentPostprocessing = 0;
		};
		B1BD063D2E95421A0018737D /* Frameworks */ = {
			isa = PBXFrameworksBuildPhase;
			buildActionMask = 2147483647;
			files = (
			);
			runOnlyForDeploymentPostprocessing = 0;
		};
		B1BD06472E95421A0018737D /* Frameworks */ = {
			isa = PBXFrameworksBuildPhase;
			buildActionMask = 2147483647;
			files = (
			);
			runOnlyForDeploymentPostprocessing = 0;
		};
/* End PBXFrameworksBuildPhase section */

/* Begin PBXGroup section */
		B1BD06212E9542190018737D = {
			isa = PBXGroup;
			children = (
				B1BD062C2E9542190018737D /* WorldSide */,
				B1A818EF2EAA5ABA0044F3BD /* WorldSideUITests */,
				B1BD06432E95421A0018737D /* WorldSideTests */,
				B1BD062B2E9542190018737D /* Products */,
			);
			sourceTree = "<group>";
		};
		B1BD062B2E9542190018737D /* Products */ = {
			isa = PBXGroup;
			children = (
				B1BD062A2E9542190018737D /* WorldSide.app */,
				B1BD06402E95421A0018737D /* WorldSideTests.xctest */,
				B1BD064A2E95421A0018737D /* WorldSideUITests.xctest */,
			);
			name = Products;
			sourceTree = "<group>";
		};
/* End PBXGroup section */

/* Begin PBXNativeTarget section */
		B1BD06292E9542190018737D /* WorldSide */ = {
			isa = PBXNativeTarget;
			buildConfigurationList = B1BD06532E95421A0018737D /* Build configuration list for PBXNativeTarget "WorldSide" */;
			buildPhases = (
				B1BD06262E9542190018737D /* Sources */,
				B1BD06272E9542190018737D /* Frameworks */,
				B1BD06282E9542190018737D /* Resources */,
			);
			buildRules = (
			);
			dependencies = (
			);
			fileSystemSynchronizedGroups = (
				B1BD062C2E9542190018737D /* WorldSide */,
			);
			name = WorldSide;
			packageProductDependencies = (
				B1BD07222E9BE2330018737D /* SDWebImage */,
			);
			productName = WorldSide;
			productReference = B1BD062A2E9542190018737D /* WorldSide.app */;
			productType = "com.apple.product-type.application";
		};
		B1BD063F2E95421A0018737D /* WorldSideTests */ = {
			isa = PBXNativeTarget;
			buildConfigurationList = B1BD06582E95421A0018737D /* Build configuration list for PBXNativeTarget "WorldSideTests" */;
			buildPhases = (
				B1BD063C2E95421A0018737D /* Sources */,
				B1BD063D2E95421A0018737D /* Frameworks */,
				B1BD063E2E95421A0018737D /* Resources */,
			);
			buildRules = (
			);
			dependencies = (
				B1BD06422E95421A0018737D /* PBXTargetDependency */,
			);
			fileSystemSynchronizedGroups = (
				B1A818EF2EAA5ABA0044F3BD /* WorldSideUITests */,
				B1BD06432E95421A0018737D /* WorldSideTests */,
			);
			name = WorldSideTests;
			productName = WorldSideTests;
			productReference = B1BD06402E95421A0018737D /* WorldSideTests.xctest */;
			productType = "com.apple.product-type.bundle.unit-test";
		};
		B1BD06492E95421A0018737D /* WorldSideUITests */ = {
			isa = PBXNativeTarget;
			buildConfigurationList = B1BD065B2E95421A0018737D /* Build configuration list for PBXNativeTarget "WorldSideUITests" */;
			buildPhases = (
				B1BD06462E95421A0018737D /* Sources */,
				B1BD06472E95421A0018737D /* Frameworks */,
				B1BD06482E95421A0018737D /* Resources */,
			);
			buildRules = (
			);
			dependencies = (
				B1BD064C2E95421A0018737D /* PBXTargetDependency */,
			);
			name = WorldSideUITests;
			productName = WorldSideUITests;
			productReference = B1BD064A2E95421A0018737D /* WorldSideUITests.xctest */;
			productType = "com.apple.product-type.bundle.ui-testing";
		};
/* End PBXNativeTarget section */

/* Begin PBXProject section */
		B1BD06222E9542190018737D /* Project object */ = {
			isa = PBXProject;
			attributes = {
				BuildIndependentTargetsInParallel = 1;
				LastSwiftUpdateCheck = 1640;
				LastUpgradeCheck = 1640;
				TargetAttributes = {
					B1BD06292E9542190018737D = {
						CreatedOnToolsVersion = 16.4;
					};
					B1BD063F2E95421A0018737D = {
						CreatedOnToolsVersion = 16.4;
						TestTargetID = B1BD06292E9542190018737D;
					};
					B1BD06492E95421A0018737D = {
						CreatedOnToolsVersion = 16.4;
						LastSwiftMigration = 1640;
						TestTargetID = B1BD06292E9542190018737D;
					};
				};
			};
			buildConfigurationList = B1BD06252E9542190018737D /* Build configuration list for PBXProject "WorldSide" */;
			developmentRegion = en;
			hasScannedForEncodings = 0;
			knownRegions = (
				en,
				Base,
			);
			mainGroup = B1BD06212E9542190018737D;
			minimizedProjectReferenceProxies = 1;
			packageReferences = (
				B1BD07212E9BE2330018737D /* XCRemoteSwiftPackageReference "SDWebImage" */,
			);
			preferredProjectObjectVersion = 77;
			productRefGroup = B1BD062B2E9542190018737D /* Products */;
			projectDirPath = "";
			projectRoot = "";
			targets = (
				B1BD06292E9542190018737D /* WorldSide */,
				B1BD063F2E95421A0018737D /* WorldSideTests */,
				B1BD06492E95421A0018737D /* WorldSideUITests */,
			);
		};
/* End PBXProject section */

/* Begin PBXResourcesBuildPhase section */
		B1BD06282E9542190018737D /* Resources */ = {
			isa = PBXResourcesBuildPhase;
			buildActionMask = 2147483647;
			files = (
			);
			runOnlyForDeploymentPostprocessing = 0;
		};
		B1BD063E2E95421A0018737D /* Resources */ = {
			isa = PBXResourcesBuildPhase;
			buildActionMask = 2147483647;
			files = (
			);
			runOnlyForDeploymentPostprocessing = 0;
		};
		B1BD06482E95421A0018737D /* Resources */ = {
			isa = PBXResourcesBuildPhase;
			buildActionMask = 2147483647;
			files = (
			);
			runOnlyForDeploymentPostprocessing = 0;
		};
/* End PBXResourcesBuildPhase section */

/* Begin PBXSourcesBuildPhase section */
		B1BD06262E9542190018737D /* Sources */ = {
			isa = PBXSourcesBuildPhase;
			buildActionMask = 2147483647;
			files = (
			);
			runOnlyForDeploymentPostprocessing = 0;
		};
		B1BD063C2E95421A0018737D /* Sources */ = {
			isa = PBXSourcesBuildPhase;
			buildActionMask = 2147483647;
			files = (
			);
			runOnlyForDeploymentPostprocessing = 0;
		};
		B1BD06462E95421A0018737D /* Sources */ = {
			isa = PBXSourcesBuildPhase;
			buildActionMask = 2147483647;
			files = (
			);
			runOnlyForDeploymentPostprocessing = 0;
		};
/* End PBXSourcesBuildPhase section */

/* Begin PBXTargetDependency section */
		B1BD06422E95421A0018737D /* PBXTargetDependency */ = {
			isa = PBXTargetDependency;
			target = B1BD06292E9542190018737D /* WorldSide */;
			targetProxy = B1BD06412E95421A0018737D /* PBXContainerItemProxy */;
		};
		B1BD064C2E95421A0018737D /* PBXTargetDependency */ = {
			isa = PBXTargetDependency;
			target = B1BD06292E9542190018737D /* WorldSide */;
			targetProxy = B1BD064B2E95421A0018737D /* PBXContainerItemProxy */;
		};
/* End PBXTargetDependency section */

/* Begin XCBuildConfiguration section */
		B1BD06542E95421A0018737D /* Debug */ = {
			isa = XCBuildConfiguration;
			buildSettings = {
				ASSETCATALOG_COMPILER_APPICON_NAME = AppIcon;
				ASSETCATALOG_COMPILER_GLOBAL_ACCENT_COLOR_NAME = AccentColor;
				CODE_SIGN_STYLE = Automatic;
				CURRENT_PROJECT_VERSION = 1;
				DEVELOPMENT_TEAM = A5Y9WBD7WV;
				GENERATE_INFOPLIST_FILE = YES;
				INFOPLIST_FILE = WorldSide/Info.plist;
				INFOPLIST_KEY_UIApplicationSupportsIndirectInputEvents = YES;
				INFOPLIST_KEY_UILaunchStoryboardName = LaunchScreen;
				INFOPLIST_KEY_UIMainStoryboardFile = Main;
				INFOPLIST_KEY_UISupportedInterfaceOrientations_iPad = "UIInterfaceOrientationPortrait UIInterfaceOrientationPortraitUpsideDown UIInterfaceOrientationLandscapeLeft UIInterfaceOrientationLandscapeRight";
				INFOPLIST_KEY_UISupportedInterfaceOrientations_iPhone = "UIInterfaceOrientationPortrait UIInterfaceOrientationLandscapeLeft UIInterfaceOrientationLandscapeRight";
				LD_RUNPATH_SEARCH_PATHS = (
					"$(inherited)",
					"@executable_path/Frameworks",
				);
				MARKETING_VERSION = 1.0;
				PRODUCT_BUNDLE_IDENTIFIER = com.banu.WorldSide;
				PRODUCT_NAME = "$(TARGET_NAME)";
				SWIFT_EMIT_LOC_STRINGS = YES;
				SWIFT_VERSION = 5.0;
				TARGETED_DEVICE_FAMILY = "1,2";
			};
			name = Debug;
		};
		B1BD06552E95421A0018737D /* Release */ = {
			isa = XCBuildConfiguration;
			buildSettings = {
				ASSETCATALOG_COMPILER_APPICON_NAME = AppIcon;
				ASSETCATALOG_COMPILER_GLOBAL_ACCENT_COLOR_NAME = AccentColor;
				CODE_SIGN_STYLE = Automatic;
				CURRENT_PROJECT_VERSION = 1;
				DEVELOPMENT_TEAM = A5Y9WBD7WV;
				GENERATE_INFOPLIST_FILE = YES;
				INFOPLIST_FILE = WorldSide/Info.plist;
				INFOPLIST_KEY_UIApplicationSupportsIndirectInputEvents = YES;
				INFOPLIST_KEY_UILaunchStoryboardName = LaunchScreen;
				INFOPLIST_KEY_UIMainStoryboardFile = Main;
				INFOPLIST_KEY_UISupportedInterfaceOrientations_iPad = "UIInterfaceOrientationPortrait UIInterfaceOrientationPortraitUpsideDown UIInterfaceOrientationLandscapeLeft UIInterfaceOrientationLandscapeRight";
				INFOPLIST_KEY_UISupportedInterfaceOrientations_iPhone = "UIInterfaceOrientationPortrait UIInterfaceOrientationLandscapeLeft UIInterfaceOrientationLandscapeRight";
				LD_RUNPATH_SEARCH_PATHS = (
					"$(inherited)",
					"@executable_path/Frameworks",
				);
				MARKETING_VERSION = 1.0;
				PRODUCT_BUNDLE_IDENTIFIER = com.banu.WorldSide;
				PRODUCT_NAME = "$(TARGET_NAME)";
				SWIFT_EMIT_LOC_STRINGS = YES;
				SWIFT_VERSION = 5.0;
				TARGETED_DEVICE_FAMILY = "1,2";
			};
			name = Release;
		};
		B1BD06562E95421A0018737D /* Debug */ = {
			isa = XCBuildConfiguration;
			buildSettings = {
				ALWAYS_SEARCH_USER_PATHS = NO;
				ASSETCATALOG_COMPILER_GENERATE_SWIFT_ASSET_SYMBOL_EXTENSIONS = YES;
				CLANG_ANALYZER_NONNULL = YES;
				CLANG_ANALYZER_NUMBER_OBJECT_CONVERSION = YES_AGGRESSIVE;
				CLANG_CXX_LANGUAGE_STANDARD = "gnu++20";
				CLANG_ENABLE_MODULES = YES;
				CLANG_ENABLE_OBJC_ARC = YES;
				CLANG_ENABLE_OBJC_WEAK = YES;
				CLANG_WARN_BLOCK_CAPTURE_AUTORELEASING = YES;
				CLANG_WARN_BOOL_CONVERSION = YES;
				CLANG_WARN_COMMA = YES;
				CLANG_WARN_CONSTANT_CONVERSION = YES;
				CLANG_WARN_DEPRECATED_OBJC_IMPLEMENTATIONS = YES;
				CLANG_WARN_DIRECT_OBJC_ISA_USAGE = YES_ERROR;
				CLANG_WARN_DOCUMENTATION_COMMENTS = YES;
				CLANG_WARN_EMPTY_BODY = YES;
				CLANG_WARN_ENUM_CONVERSION = YES;
				CLANG_WARN_INFINITE_RECURSION = YES;
				CLANG_WARN_INT_CONVERSION = YES;
				CLANG_WARN_NON_LITERAL_NULL_CONVERSION = YES;
				CLANG_WARN_OBJC_IMPLICIT_RETAIN_SELF = YES;
				CLANG_WARN_OBJC_LITERAL_CONVERSION = YES;
				CLANG_WARN_OBJC_ROOT_CLASS = YES_ERROR;
				CLANG_WARN_QUOTED_INCLUDE_IN_FRAMEWORK_HEADER = YES;
				CLANG_WARN_RANGE_LOOP_ANALYSIS = YES;
				CLANG_WARN_STRICT_PROTOTYPES = YES;
				CLANG_WARN_SUSPICIOUS_MOVE = YES;
				CLANG_WARN_UNGUARDED_AVAILABILITY = YES_AGGRESSIVE;
				CLANG_WARN_UNREACHABLE_CODE = YES;
				CLANG_WARN__DUPLICATE_METHOD_MATCH = YES;
				COPY_PHASE_STRIP = NO;
				DEBUG_INFORMATION_FORMAT = dwarf;
				DEVELOPMENT_TEAM = A5Y9WBD7WV;
				ENABLE_STRICT_OBJC_MSGSEND = YES;
				ENABLE_TESTABILITY = YES;
				ENABLE_USER_SCRIPT_SANDBOXING = YES;
				GCC_C_LANGUAGE_STANDARD = gnu17;
				GCC_DYNAMIC_NO_PIC = NO;
				GCC_NO_COMMON_BLOCKS = YES;
				GCC_OPTIMIZATION_LEVEL = 0;
				GCC_PREPROCESSOR_DEFINITIONS = (
					"DEBUG=1",
					"$(inherited)",
				);
				GCC_WARN_64_TO_32_BIT_CONVERSION = YES;
				GCC_WARN_ABOUT_RETURN_TYPE = YES_ERROR;
				GCC_WARN_UNDECLARED_SELECTOR = YES;
				GCC_WARN_UNINITIALIZED_AUTOS = YES_AGGRESSIVE;
				GCC_WARN_UNUSED_FUNCTION = YES;
				GCC_WARN_UNUSED_VARIABLE = YES;
				IPHONEOS_DEPLOYMENT_TARGET = 18.5;
				LOCALIZATION_PREFERS_STRING_CATALOGS = YES;
				MTL_ENABLE_DEBUG_INFO = INCLUDE_SOURCE;
				MTL_FAST_MATH = YES;
				ONLY_ACTIVE_ARCH = YES;
				SDKROOT = iphoneos;
				SWIFT_ACTIVE_COMPILATION_CONDITIONS = "DEBUG $(inherited)";
				SWIFT_OPTIMIZATION_LEVEL = "-Onone";
			};
			name = Debug;
		};
		B1BD06572E95421A0018737D /* Release */ = {
			isa = XCBuildConfiguration;
			buildSettings = {
				ALWAYS_SEARCH_USER_PATHS = NO;
				ASSETCATALOG_COMPILER_GENERATE_SWIFT_ASSET_SYMBOL_EXTENSIONS = YES;
				CLANG_ANALYZER_NONNULL = YES;
				CLANG_ANALYZER_NUMBER_OBJECT_CONVERSION = YES_AGGRESSIVE;
				CLANG_CXX_LANGUAGE_STANDARD = "gnu++20";
				CLANG_ENABLE_MODULES = YES;
				CLANG_ENABLE_OBJC_ARC = YES;
				CLANG_ENABLE_OBJC_WEAK = YES;
				CLANG_WARN_BLOCK_CAPTURE_AUTORELEASING = YES;
				CLANG_WARN_BOOL_CONVERSION = YES;
				CLANG_WARN_COMMA = YES;
				CLANG_WARN_CONSTANT_CONVERSION = YES;
				CLANG_WARN_DEPRECATED_OBJC_IMPLEMENTATIONS = YES;
				CLANG_WARN_DIRECT_OBJC_ISA_USAGE = YES_ERROR;
				CLANG_WARN_DOCUMENTATION_COMMENTS = YES;
				CLANG_WARN_EMPTY_BODY = YES;
				CLANG_WARN_ENUM_CONVERSION = YES;
				CLANG_WARN_INFINITE_RECURSION = YES;
				CLANG_WARN_INT_CONVERSION = YES;
				CLANG_WARN_NON_LITERAL_NULL_CONVERSION = YES;
				CLANG_WARN_OBJC_IMPLICIT_RETAIN_SELF = YES;
				CLANG_WARN_OBJC_LITERAL_CONVERSION = YES;
				CLANG_WARN_OBJC_ROOT_CLASS = YES_ERROR;
				CLANG_WARN_QUOTED_INCLUDE_IN_FRAMEWORK_HEADER = YES;
				CLANG_WARN_RANGE_LOOP_ANALYSIS = YES;
				CLANG_WARN_STRICT_PROTOTYPES = YES;
				CLANG_WARN_SUSPICIOUS_MOVE = YES;
				CLANG_WARN_UNGUARDED_AVAILABILITY = YES_AGGRESSIVE;
				CLANG_WARN_UNREACHABLE_CODE = YES;
				CLANG_WARN__DUPLICATE_METHOD_MATCH = YES;
				COPY_PHASE_STRIP = NO;
				DEBUG_INFORMATION_FORMAT = "dwarf-with-dsym";
				DEVELOPMENT_TEAM = A5Y9WBD7WV;
				ENABLE_NS_ASSERTIONS = NO;
				ENABLE_STRICT_OBJC_MSGSEND = YES;
				ENABLE_USER_SCRIPT_SANDBOXING = YES;
				GCC_C_LANGUAGE_STANDARD = gnu17;
				GCC_NO_COMMON_BLOCKS = YES;
				GCC_WARN_64_TO_32_BIT_CONVERSION = YES;
				GCC_WARN_ABOUT_RETURN_TYPE = YES_ERROR;
				GCC_WARN_UNDECLARED_SELECTOR = YES;
				GCC_WARN_UNINITIALIZED_AUTOS = YES_AGGRESSIVE;
				GCC_WARN_UNUSED_FUNCTION = YES;
				GCC_WARN_UNUSED_VARIABLE = YES;
				IPHONEOS_DEPLOYMENT_TARGET = 18.5;
				LOCALIZATION_PREFERS_STRING_CATALOGS = YES;
				MTL_ENABLE_DEBUG_INFO = NO;
				MTL_FAST_MATH = YES;
				SDKROOT = iphoneos;
				SWIFT_COMPILATION_MODE = wholemodule;
				VALIDATE_PRODUCT = YES;
			};
			name = Release;
		};
		B1BD06592E95421A0018737D /* Debug */ = {
			isa = XCBuildConfiguration;
			buildSettings = {
				BUNDLE_LOADER = "$(TEST_HOST)";
				CODE_SIGN_STYLE = Automatic;
				CURRENT_PROJECT_VERSION = 1;
				DEVELOPMENT_TEAM = A5Y9WBD7WV;
				GENERATE_INFOPLIST_FILE = YES;
				IPHONEOS_DEPLOYMENT_TARGET = 18.5;
				MARKETING_VERSION = 1.0;
				PRODUCT_BUNDLE_IDENTIFIER = com.banu.WorldSideTests;
				PRODUCT_NAME = "$(TARGET_NAME)";
				SWIFT_EMIT_LOC_STRINGS = NO;
				SWIFT_VERSION = 5.0;
				TARGETED_DEVICE_FAMILY = "1,2";
				TEST_HOST = "$(BUILT_PRODUCTS_DIR)/WorldSide.app/$(BUNDLE_EXECUTABLE_FOLDER_PATH)/WorldSide";
			};
			name = Debug;
		};
		B1BD065A2E95421A0018737D /* Release */ = {
			isa = XCBuildConfiguration;
			buildSettings = {
				BUNDLE_LOADER = "$(TEST_HOST)";
				CODE_SIGN_STYLE = Automatic;
				CURRENT_PROJECT_VERSION = 1;
				DEVELOPMENT_TEAM = A5Y9WBD7WV;
				GENERATE_INFOPLIST_FILE = YES;
				IPHONEOS_DEPLOYMENT_TARGET = 18.5;
				MARKETING_VERSION = 1.0;
				PRODUCT_BUNDLE_IDENTIFIER = com.banu.WorldSideTests;
				PRODUCT_NAME = "$(TARGET_NAME)";
				SWIFT_EMIT_LOC_STRINGS = NO;
				SWIFT_VERSION = 5.0;
				TARGETED_DEVICE_FAMILY = "1,2";
				TEST_HOST = "$(BUILT_PRODUCTS_DIR)/WorldSide.app/$(BUNDLE_EXECUTABLE_FOLDER_PATH)/WorldSide";
			};
			name = Release;
		};
		B1BD065C2E95421A0018737D /* Debug */ = {
			isa = XCBuildConfiguration;
			buildSettings = {
				CLANG_ENABLE_MODULES = YES;
				CODE_SIGN_STYLE = Automatic;
				CURRENT_PROJECT_VERSION = 1;
				DEVELOPMENT_TEAM = A5Y9WBD7WV;
				GENERATE_INFOPLIST_FILE = YES;
				MARKETING_VERSION = 1.0;
				PRODUCT_BUNDLE_IDENTIFIER = com.banu.WorldSideUITests;
				PRODUCT_NAME = "$(TARGET_NAME)";
				SWIFT_EMIT_LOC_STRINGS = NO;
				SWIFT_OPTIMIZATION_LEVEL = "-Onone";
				SWIFT_VERSION = 5.0;
				TARGETED_DEVICE_FAMILY = "1,2";
				TEST_TARGET_NAME = WorldSide;
			};
			name = Debug;
		};
		B1BD065D2E95421A0018737D /* Release */ = {
			isa = XCBuildConfiguration;
			buildSettings = {
				CLANG_ENABLE_MODULES = YES;
				CODE_SIGN_STYLE = Automatic;
				CURRENT_PROJECT_VERSION = 1;
				DEVELOPMENT_TEAM = A5Y9WBD7WV;
				GENERATE_INFOPLIST_FILE = YES;
				MARKETING_VERSION = 1.0;
				PRODUCT_BUNDLE_IDENTIFIER = com.banu.WorldSideUITests;
				PRODUCT_NAME = "$(TARGET_NAME)";
				SWIFT_EMIT_LOC_STRINGS = NO;
				SWIFT_VERSION = 5.0;
				TARGETED_DEVICE_FAMILY = "1,2";
				TEST_TARGET_NAME = WorldSide;
			};
			name = Release;
		};
/* End XCBuildConfiguration section */

/* Begin XCConfigurationList section */
		B1BD06252E9542190018737D /* Build configuration list for PBXProject "WorldSide" */ = {
			isa = XCConfigurationList;
			buildConfigurations = (
				B1BD06562E95421A0018737D /* Debug */,
				B1BD06572E95421A0018737D /* Release */,
			);
			defaultConfigurationIsVisible = 0;
			defaultConfigurationName = Release;
		};
		B1BD06532E95421A0018737D /* Build configuration list for PBXNativeTarget "WorldSide" */ = {
			isa = XCConfigurationList;
			buildConfigurations = (
				B1BD06542E95421A0018737D /* Debug */,
				B1BD06552E95421A0018737D /* Release */,
			);
			defaultConfigurationIsVisible = 0;
			defaultConfigurationName = Release;
		};
		B1BD06582E95421A0018737D /* Build configuration list for PBXNativeTarget "WorldSideTests" */ = {
			isa = XCConfigurationList;
			buildConfigurations = (
				B1BD06592E95421A0018737D /* Debug */,
				B1BD065A2E95421A0018737D /* Release */,
			);
			defaultConfigurationIsVisible = 0;
			defaultConfigurationName = Release;
		};
		B1BD065B2E95421A0018737D /* Build configuration list for PBXNativeTarget "WorldSideUITests" */ = {
			isa = XCConfigurationList;
			buildConfigurations = (
				B1BD065C2E95421A0018737D /* Debug */,
				B1BD065D2E95421A0018737D /* Release */,
			);
			defaultConfigurationIsVisible = 0;
			defaultConfigurationName = Release;
		};
/* End XCConfigurationList section */

/* Begin XCRemoteSwiftPackageReference section */
		B1BD07212E9BE2330018737D /* XCRemoteSwiftPackageReference "SDWebImage" */ = {
			isa = XCRemoteSwiftPackageReference;
			repositoryURL = "https://github.com/SDWebImage/SDWebImage.git";
			requirement = {
				kind = upToNextMajorVersion;
				minimumVersion = 5.21.3;
			};
		};
/* End XCRemoteSwiftPackageReference section */

/* Begin XCSwiftPackageProductDependency section */
		B1BD07222E9BE2330018737D /* SDWebImage */ = {
			isa = XCSwiftPackageProductDependency;
			package = B1BD07212E9BE2330018737D /* XCRemoteSwiftPackageReference "SDWebImage" */;
			productName = SDWebImage;
		};
/* End XCSwiftPackageProductDependency section */
	};
	rootObject = B1BD06222E9542190018737D /* Project object */;
}
